
Microsoft Visual Studio Solution File, Format Version 12.00
# Visual Studio Version 17
VisualStudioVersion = 17.2.32630.192
MinimumVisualStudioVersion = 10.0.40219.1
Project("{FAE04EC0-301F-11D3-BF4B-00C04F79EFBC}") = "LogSample", "LogSample\LogSample.csproj", "{586A5CC4-2CB3-4B9A-9142-765E76322FF4}"
EndProject
Project("{FAE04EC0-301F-11D3-BF4B-00C04F79EFBC}") = "LogSample.FileLogger", "LogSample.FileLogger\LogSample.FileLogger.csproj", "{381DDCFC-9E93-4BCA-9712-3B2FE29E9BC5}"
EndProject
Global
	GlobalSection(SolutionConfigurationPlatforms) = preSolution
		Debug|Any CPU = Debug|Any CPU
		Release|Any CPU = Release|Any CPU
	EndGlobalSection
	GlobalSection(ProjectConfigurationPlatforms) = postSolution
		{586A5CC4-2CB3-4B9A-9142-765E76322FF4}.Debug|Any CPU.ActiveCfg = Debug|Any CPU
		{586A5CC4-2CB3-4B9A-9142-765E76322FF4}.Debug|Any CPU.Build.0 = Debug|Any CPU
		{586A5CC4-2CB3-4B9A-9142-765E76322FF4}.Release|Any CPU.ActiveCfg = Release|Any CPU
		{586A5CC4-2CB3-4B9A-9142-765E76322FF4}.Release|Any CPU.Build.0 = Release|Any CPU
		{381DDCFC-9E93-4BCA-9712-3B2FE29E9BC5}.Debug|Any CPU.ActiveCfg = Debug|Any CPU
		{381DDCFC-9E93-4BCA-9712-3B2FE29E9BC5}.Debug|Any CPU.Build.0 = Debug|Any CPU
		{381DDCFC-9E93-4BCA-9712-3B2FE29E9BC5}.Release|Any CPU.ActiveCfg = Release|Any CPU
		{381DDCFC-9E93-4BCA-9712-3B2FE29E9BC5}.Release|Any CPU.Build.0 = Release|Any CPU
	EndGlobalSection
	GlobalSection(SolutionProperties) = preSolution
		HideSolutionNode = FALSE
	EndGlobalSection
	GlobalSection(ExtensibilityGlobals) = postSolution
		SolutionGuid = {C3CDBDF7-0D9B-4F88-99BA-AB9D1C604F95}
	EndGlobalSection
EndGlobal
